
Microsoft Visual Studio Solution File, Format Version 12.00
# Visual Studio Version 17
VisualStudioVersion = 17.7.34221.43
MinimumVisualStudioVersion = 10.0.40219.1
Project("{FAE04EC0-301F-11D3-BF4B-00C04F79EFBC}") = "EjemploApplication", "EjemploApplication\EjemploApplication.csproj", "{91597B7C-2029-409A-B42E-221F70BBBFF9}"
EndProject
Global
	GlobalSection(SolutionConfigurationPlatforms) = preSolution
		Debug|Any CPU = Debug|Any CPU
		Release|Any CPU = Release|Any CPU
	EndGlobalSection
	GlobalSection(ProjectConfigurationPlatforms) = postSolution
		{91597B7C-2029-409A-B42E-221F70BBBFF9}.Debug|Any CPU.ActiveCfg = Debug|Any CPU
		{91597B7C-2029-409A-B42E-221F70BBBFF9}.Debug|Any CPU.Build.0 = Debug|Any CPU
		{91597B7C-2029-409A-B42E-221F70BBBFF9}.Release|Any CPU.ActiveCfg = Release|Any CPU
		{91597B7C-2029-409A-B42E-221F70BBBFF9}.Release|Any CPU.Build.0 = Release|Any CPU
	EndGlobalSection
	GlobalSection(SolutionProperties) = preSolution
		HideSolutionNode = FALSE
	EndGlobalSection
	GlobalSection(ExtensibilityGlobals) = postSolution
		SolutionGuid = {BADFBEBD-2B54-4092-9CF4-AAB6E7ADC818}
	EndGlobalSection
EndGlobal
